
Microsoft Visual Studio Solution File, Format Version 12.00
# Visual Studio Version 17
VisualStudioVersion = 17.12.35506.116 d17.12
MinimumVisualStudioVersion = 10.0.40219.1
Project("{FAE04EC0-301F-11D3-BF4B-00C04F79EFBC}") = "Part 5 - Console Decisions Assignment", "Part 5 - Console Decisions Assignment.csproj", "{A398EBB6-6A30-408C-BCC1-0D1E53F088ED}"
EndProject
Global
	GlobalSection(SolutionConfigurationPlatforms) = preSolution
		Debug|Any CPU = Debug|Any CPU
		Release|Any CPU = Release|Any CPU
	EndGlobalSection
	GlobalSection(ProjectConfigurationPlatforms) = postSolution
		{A398EBB6-6A30-408C-BCC1-0D1E53F088ED}.Debug|Any CPU.ActiveCfg = Debug|Any CPU
		{A398EBB6-6A30-408C-BCC1-0D1E53F088ED}.Debug|Any CPU.Build.0 = Debug|Any CPU
		{A398EBB6-6A30-408C-BCC1-0D1E53F088ED}.Release|Any CPU.ActiveCfg = Release|Any CPU
		{A398EBB6-6A30-408C-BCC1-0D1E53F088ED}.Release|Any CPU.Build.0 = Release|Any CPU
	EndGlobalSection
	GlobalSection(SolutionProperties) = preSolution
		HideSolutionNode = FALSE
	EndGlobalSection
EndGlobal
